<?xml version="1.0" encoding="utf-8"?>
<Project ToolsVersion="15.0" xmlns="http://schemas.microsoft.com/developer/msbuild/2003">
  <ItemGroup>
    <Filter Include="Common">
      <UniqueIdentifier>4b013eb3-e5c7-48ae-87c7-d97c52d053e8</UniqueIdentifier>
    </Filter>
    <Filter Include="Assets">
      <UniqueIdentifier>27a10b7e-3d3d-468b-a135-957bad760e3f</UniqueIdentifier>
      <Extensions>bmp;fbx;gif;jpg;jpeg;tga;tiff;tif;png</Extensions>
    </Filter>
    <Filter Include="Backend">
      <UniqueIdentifier>{a871dcc8-622e-4c2b-9fe6-9b9e74f75d7b}</UniqueIdentifier>
    </Filter>
    <Filter Include="Backend\Headers">
      <UniqueIdentifier>{7db90a51-9f40-4268-9bb0-f54e31bdee5b}</UniqueIdentifier>
    </Filter>
    <Filter Include="Views">
      <UniqueIdentifier>{e9d5f3ad-af1b-47fa-bdbc-a73bda7b77dd}</UniqueIdentifier>
    </Filter>
  </ItemGroup>
  <ItemGroup>
    <ApplicationDefinition Include="App.xaml" />
  </ItemGroup>
  <ItemGroup>
    <ClCompile Include="pch.cpp" />
    <ClCompile Include="DBLite.cpp">
      <Filter>Backend</Filter>
    </ClCompile>
    <ClCompile Include="ImportAndExport.cpp">
      <Filter>Backend</Filter>
    </ClCompile>
    <ClCompile Include="main.cpp">
      <Filter>Backend</Filter>
    </ClCompile>
    <ClCompile Include="Helpers.cpp">
      <Filter>Backend</Filter>
    </ClCompile>
  </ItemGroup>
  <ItemGroup>
    <ClInclude Include="pch.h" />
    <ClInclude Include="DBLite.h">
      <Filter>Backend\Headers</Filter>
    </ClInclude>
    <ClInclude Include="ImportAndExport.h">
      <Filter>Backend\Headers</Filter>
    </ClInclude>
    <ClInclude Include="Helpers.h">
      <Filter>Backend\Headers</Filter>
    </ClInclude>
  </ItemGroup>
  <ItemGroup>
    <Image Include="Assets\LockScreenLogo.scale-200.png">
      <Filter>Assets</Filter>
    </Image>
    <Image Include="Assets\SplashScreen.scale-200.png">
      <Filter>Assets</Filter>
    </Image>
    <Image Include="Assets\Square150x150Logo.scale-200.png">
      <Filter>Assets</Filter>
    </Image>
    <Image Include="Assets\Square44x44Logo.scale-200.png">
      <Filter>Assets</Filter>
    </Image>
    <Image Include="Assets\Square44x44Logo.targetsize-24_altform-unplated.png">
      <Filter>Assets</Filter>
    </Image>
    <Image Include="Assets\StoreLogo.png">
      <Filter>Assets</Filter>
    </Image>
    <Image Include="Assets\Wide310x150Logo.scale-200.png">
      <Filter>Assets</Filter>
    </Image>
  </ItemGroup>
  <ItemGroup>
    <AppxManifest Include="Package.appxmanifest" />
  </ItemGroup>
  <ItemGroup>
    <Page Include="MainPage.xaml" />
    <Page Include="BlankPage.xaml">
      <Filter>Views</Filter>
    </Page>
    <Page Include="Inser_Meet.xaml">
      <Filter>Views</Filter>
    </Page>
  </ItemGroup>
  <ItemGroup>
    <None Include="packages.config" />
  </ItemGroup>
</Project>